
Microsoft Visual Studio Solution File, Format Version 12.00
# Visual Studio Version 17
VisualStudioVersion = 17.4.33403.182
MinimumVisualStudioVersion = 10.0.40219.1
Project("{9A19103F-16F7-4668-BE54-9A1E7A4F7556}") = "HouseholdAutomationDesktop", "HouseholdAutomationDesktop\HouseholdAutomationDesktop.csproj", "{501B9E89-C24C-42F7-9EC0-9F86A67E9B67}"
EndProject
Project("{9A19103F-16F7-4668-BE54-9A1E7A4F7556}") = "AutomationHouseholdDatabase", "AutomationHouseholdDatabase\AutomationHouseholdDatabase.csproj", "{5F24C86E-DCC9-4489-BC03-C0F0EAC89553}"
EndProject
Project("{9A19103F-16F7-4668-BE54-9A1E7A4F7556}") = "HouseholdAutomationLogic", "HouseholdAutomationLogic\HouseholdAutomationLogic.csproj", "{53C25EC8-907D-49E7-B4B8-6A9EACD69D7E}"
EndProject
Project("{9A19103F-16F7-4668-BE54-9A1E7A4F7556}") = "AutomationHouseholdDatabaseTests", "AutomationHouseholdDatabaseTests\AutomationHouseholdDatabaseTests.csproj", "{EA29302F-0993-4C2F-A0C9-39111042934F}"
EndProject
Global
	GlobalSection(SolutionConfigurationPlatforms) = preSolution
		Debug|Any CPU = Debug|Any CPU
		Release|Any CPU = Release|Any CPU
	EndGlobalSection
	GlobalSection(ProjectConfigurationPlatforms) = postSolution
		{501B9E89-C24C-42F7-9EC0-9F86A67E9B67}.Debug|Any CPU.ActiveCfg = Debug|Any CPU
		{501B9E89-C24C-42F7-9EC0-9F86A67E9B67}.Debug|Any CPU.Build.0 = Debug|Any CPU
		{501B9E89-C24C-42F7-9EC0-9F86A67E9B67}.Release|Any CPU.ActiveCfg = Release|Any CPU
		{501B9E89-C24C-42F7-9EC0-9F86A67E9B67}.Release|Any CPU.Build.0 = Release|Any CPU
		{5F24C86E-DCC9-4489-BC03-C0F0EAC89553}.Debug|Any CPU.ActiveCfg = Debug|Any CPU
		{5F24C86E-DCC9-4489-BC03-C0F0EAC89553}.Debug|Any CPU.Build.0 = Debug|Any CPU
		{5F24C86E-DCC9-4489-BC03-C0F0EAC89553}.Release|Any CPU.ActiveCfg = Release|Any CPU
		{5F24C86E-DCC9-4489-BC03-C0F0EAC89553}.Release|Any CPU.Build.0 = Release|Any CPU
		{53C25EC8-907D-49E7-B4B8-6A9EACD69D7E}.Debug|Any CPU.ActiveCfg = Debug|Any CPU
		{53C25EC8-907D-49E7-B4B8-6A9EACD69D7E}.Debug|Any CPU.Build.0 = Debug|Any CPU
		{53C25EC8-907D-49E7-B4B8-6A9EACD69D7E}.Release|Any CPU.ActiveCfg = Release|Any CPU
		{53C25EC8-907D-49E7-B4B8-6A9EACD69D7E}.Release|Any CPU.Build.0 = Release|Any CPU
		{EA29302F-0993-4C2F-A0C9-39111042934F}.Debug|Any CPU.ActiveCfg = Debug|Any CPU
		{EA29302F-0993-4C2F-A0C9-39111042934F}.Debug|Any CPU.Build.0 = Debug|Any CPU
		{EA29302F-0993-4C2F-A0C9-39111042934F}.Release|Any CPU.ActiveCfg = Release|Any CPU
		{EA29302F-0993-4C2F-A0C9-39111042934F}.Release|Any CPU.Build.0 = Release|Any CPU
	EndGlobalSection
	GlobalSection(SolutionProperties) = preSolution
		HideSolutionNode = FALSE
	EndGlobalSection
	GlobalSection(ExtensibilityGlobals) = postSolution
		SolutionGuid = {C0B40CED-FAA3-4696-AFF8-82FF4FE7C8F4}
	EndGlobalSection
EndGlobal
